
Microsoft Visual Studio Solution File, Format Version 12.00
# Visual Studio 15
VisualStudioVersion = 15.0.28307.329
MinimumVisualStudioVersion = 10.0.40219.1
Project("{FAE04EC0-301F-11D3-BF4B-00C04F79EFBC}") = "MillionBoxes", "MillionBoxes\MillionBoxes.csproj", "{F860A03C-2335-4A49-884B-93B72C3E97C4}"
EndProject
Global
	GlobalSection(SolutionConfigurationPlatforms) = preSolution
		Debug|Any CPU = Debug|Any CPU
		Release|Any CPU = Release|Any CPU
	EndGlobalSection
	GlobalSection(ProjectConfigurationPlatforms) = postSolution
		{F860A03C-2335-4A49-884B-93B72C3E97C4}.Debug|Any CPU.ActiveCfg = Debug|Any CPU
		{F860A03C-2335-4A49-884B-93B72C3E97C4}.Debug|Any CPU.Build.0 = Debug|Any CPU
		{F860A03C-2335-4A49-884B-93B72C3E97C4}.Release|Any CPU.ActiveCfg = Release|Any CPU
		{F860A03C-2335-4A49-884B-93B72C3E97C4}.Release|Any CPU.Build.0 = Release|Any CPU
	EndGlobalSection
	GlobalSection(SolutionProperties) = preSolution
		HideSolutionNode = FALSE
	EndGlobalSection
	GlobalSection(ExtensibilityGlobals) = postSolution
		SolutionGuid = {F051862D-6533-4355-A96D-92548B8E5B4C}
	EndGlobalSection
EndGlobal
